
Microsoft Visual Studio Solution File, Format Version 12.00
# Visual Studio 15
VisualStudioVersion = 15.0.28307.1321
MinimumVisualStudioVersion = 10.0.40219.1
Project("{FAE04EC0-301F-11D3-BF4B-00C04F79EFBC}") = "HotelManager", "HotelManager\HotelManager.csproj", "{D98271A1-5C91-499A-9A48-49053E00BC57}"
EndProject
Global
	GlobalSection(SolutionConfigurationPlatforms) = preSolution
		Debug|Any CPU = Debug|Any CPU
		Release|Any CPU = Release|Any CPU
	EndGlobalSection
	GlobalSection(ProjectConfigurationPlatforms) = postSolution
		{D98271A1-5C91-499A-9A48-49053E00BC57}.Debug|Any CPU.ActiveCfg = Debug|Any CPU
		{D98271A1-5C91-499A-9A48-49053E00BC57}.Debug|Any CPU.Build.0 = Debug|Any CPU
		{D98271A1-5C91-499A-9A48-49053E00BC57}.Release|Any CPU.ActiveCfg = Release|Any CPU
		{D98271A1-5C91-499A-9A48-49053E00BC57}.Release|Any CPU.Build.0 = Release|Any CPU
	EndGlobalSection
	GlobalSection(SolutionProperties) = preSolution
		HideSolutionNode = FALSE
	EndGlobalSection
	GlobalSection(ExtensibilityGlobals) = postSolution
		SolutionGuid = {1DA67C0E-8862-4BF9-B72F-E8B41ACD6F3D}
	EndGlobalSection
EndGlobal
